
Microsoft Visual Studio Solution File, Format Version 12.00
# Visual Studio Version 17
VisualStudioVersion = 17.12.35728.132 d17.12
MinimumVisualStudioVersion = 10.0.40219.1
Project("{FAE04EC0-301F-11D3-BF4B-00C04F79EFBC}") = "RootsCore", "RootsCore\RootsCore.csproj", "{B95A324A-5B15-41C3-92A5-F8CED0D12A7C}"
EndProject
Global
	GlobalSection(SolutionConfigurationPlatforms) = preSolution
		Debug|Any CPU = Debug|Any CPU
		Release|Any CPU = Release|Any CPU
	EndGlobalSection
	GlobalSection(ProjectConfigurationPlatforms) = postSolution
		{B95A324A-5B15-41C3-92A5-F8CED0D12A7C}.Debug|Any CPU.ActiveCfg = Debug|Any CPU
		{B95A324A-5B15-41C3-92A5-F8CED0D12A7C}.Debug|Any CPU.Build.0 = Debug|Any CPU
		{B95A324A-5B15-41C3-92A5-F8CED0D12A7C}.Release|Any CPU.ActiveCfg = Release|Any CPU
		{B95A324A-5B15-41C3-92A5-F8CED0D12A7C}.Release|Any CPU.Build.0 = Release|Any CPU
	EndGlobalSection
	GlobalSection(SolutionProperties) = preSolution
		HideSolutionNode = FALSE
	EndGlobalSection
EndGlobal
